{
    "_readme": [
        "This file locks the dependencies of your project to a known state",
        "Read more about it at https://getcomposer.org/doc/01-basic-usage.md#installing-dependencies",
        "This file is @generated automatically"
    ],
    "content-hash": "b7dad98a3530f9ff15afdab3f3bd0d52",
    "packages": [
        {
            "name": "tangible/ast",
            "version": "dev-bump/dependencies-june-22",
            "dist": {
                "type": "path",
                "url": "../ast",
                "reference": "9834670b78414dee7e9c58dbcbd63aef4b71c840"
            },
            "require": {
                "php": ">=8.2"
            },
            "type": "library",
            "autoload": {
                "psr-4": {
                    "Tangible\\Ast\\": "./src"
                }
            },
            "autoload-dev": {
                "psr-4": {
                    "Tangible\\Ast\\Tests\\": "./tests"
                }
            },
            "license": [
                "GPL-2.0-only"
            ],
            "authors": [
                {
                    "name": "Team Tangible"
                }
            ],
            "description": "Polymorphic AST node primitive with JSON round-trip and pluggable type registry.",
            "transport-options": {
                "symlink": true,
                "relative": true
            }
        }
    ],
    "packages-dev": [],
    "aliases": [],
    "minimum-stability": "dev",
    "stability-flags": {
        "tangible/ast": 20
    },
    "prefer-stable": true,
    "prefer-lowest": false,
    "platform": {
        "php": ">=8.2"
    },
    "platform-dev": {},
    "plugin-api-version": "2.6.0"
}
